
Microsoft Visual Studio Solution File, Format Version 12.00
# Visual Studio Version 16
VisualStudioVersion = 16.0.33423.256
MinimumVisualStudioVersion = 10.0.40219.1
Project("{FAE04EC0-301F-11D3-BF4B-00C04F79EFBC}") = "Devops2023Dotnet31MVC", "Devops2023Dotnet31MVC\Devops2023Dotnet31MVC.csproj", "{A0FB9564-2677-46E9-8DAF-C0BA091DB85F}"
EndProject
Global
	GlobalSection(SolutionConfigurationPlatforms) = preSolution
		Debug|Any CPU = Debug|Any CPU
		Release|Any CPU = Release|Any CPU
	EndGlobalSection
	GlobalSection(ProjectConfigurationPlatforms) = postSolution
		{A0FB9564-2677-46E9-8DAF-C0BA091DB85F}.Debug|Any CPU.ActiveCfg = Debug|Any CPU
		{A0FB9564-2677-46E9-8DAF-C0BA091DB85F}.Debug|Any CPU.Build.0 = Debug|Any CPU
		{A0FB9564-2677-46E9-8DAF-C0BA091DB85F}.Release|Any CPU.ActiveCfg = Release|Any CPU
		{A0FB9564-2677-46E9-8DAF-C0BA091DB85F}.Release|Any CPU.Build.0 = Release|Any CPU
	EndGlobalSection
	GlobalSection(SolutionProperties) = preSolution
		HideSolutionNode = FALSE
	EndGlobalSection
	GlobalSection(ExtensibilityGlobals) = postSolution
		SolutionGuid = {A67ABB06-103F-4798-877B-1A06B5AA8E7B}
	EndGlobalSection
EndGlobal
